{
  "nodes": {
    "home-manager": {
      "inputs": {
        "nixpkgs": [
          "nixpkgs"
        ]
      },
      "locked": {
        "lastModified": 1750792199,
        "narHash": "sha256-AztT8H1V3cIgV3USZXnGWzKAQv6Hle3YhuaOFAV83mo=",
        "owner": "nix-community",
        "repo": "home-manager",
        "rev": "d400c361660526a199e1e56cc22f073c09c71d35",
        "type": "github"
      },
      "original": {
        "owner": "nix-community",
        "repo": "home-manager",
        "type": "github"
      }
    },
    "nix-darwin": {
      "inputs": {
        "nixpkgs": [
          "nixpkgs"
        ]
      },
      "locked": {
        "lastModified": 1750618568,
        "narHash": "sha256-w9EG5FOXrjXGfbqCcQg9x1lMnTwzNDW5BMXp8ddy15E=",
        "owner": "LnL7",
        "repo": "nix-darwin",
        "rev": "1dd19f19e4b53a1fd2e8e738a08dd5fe635ec7e5",
        "type": "github"
      },
      "original": {
        "owner": "LnL7",
        "repo": "nix-darwin",
        "type": "github"
      }
    },
    "nixpkgs": {
      "locked": {
        "lastModified": 1750799963,
        "narHash": "sha256-PgIILR8qFtNxrb6HEZm66+/8lvFPoxm29UDDWYUekZ0=",
        "owner": "nixos",
        "repo": "nixpkgs",
        "rev": "6a0b49aec295cde885faab47febea326aa07949f",
        "type": "github"
      },
      "original": {
        "owner": "nixos",
        "repo": "nixpkgs",
        "rev": "6a0b49aec295cde885faab47febea326aa07949f",
        "type": "github"
      }
    },
    "root": {
      "inputs": {
        "home-manager": "home-manager",
        "nix-darwin": "nix-darwin",
        "nixpkgs": "nixpkgs"
      }
    }
  },
  "root": "root",
  "version": 7
}
